
Microsoft Visual Studio Solution File, Format Version 10.00
# Visual Studio 2008
Project("{8BC9CEB8-8B4A-11D0-8D11-00A0C91BC942}") = "pAOSO", "pAOSO.vcproj", "{65B0963B-2EDC-441C-81AD-43F5A4E8ED6B}"
EndProject
Global
	GlobalSection(SolutionConfigurationPlatforms) = preSolution
		Debug|Win32 = Debug|Win32
		Release|Win32 = Release|Win32
	EndGlobalSection
	GlobalSection(ProjectConfigurationPlatforms) = postSolution
		{65B0963B-2EDC-441C-81AD-43F5A4E8ED6B}.Debug|Win32.ActiveCfg = Debug|Win32
		{65B0963B-2EDC-441C-81AD-43F5A4E8ED6B}.Debug|Win32.Build.0 = Debug|Win32
		{65B0963B-2EDC-441C-81AD-43F5A4E8ED6B}.Release|Win32.ActiveCfg = Release|Win32
		{65B0963B-2EDC-441C-81AD-43F5A4E8ED6B}.Release|Win32.Build.0 = Release|Win32
	EndGlobalSection
	GlobalSection(SolutionProperties) = preSolution
		HideSolutionNode = FALSE
	EndGlobalSection
EndGlobal
